// !$*UTF8*$!
{
	archiveVersion = 1;
	classes = {
	};
	objectVersion = 56;
	objects = {

/* Begin PBXBuildFile section */
		1108CD6F296B0DEC00A77169 /* Montserrat-Regular.ttf in Resources */ = {isa = PBXBuildFile; fileRef = 1108CD6E296B0DEC00A77169 /* Montserrat-Regular.ttf */; };
		1109F72B294DF419006AB3CE /* AppDelegate.swift in Sources */ = {isa = PBXBuildFile; fileRef = 1109F72A294DF419006AB3CE /* AppDelegate.swift */; };
		1109F72D294DF419006AB3CE /* SceneDelegate.swift in Sources */ = {isa = PBXBuildFile; fileRef = 1109F72C294DF419006AB3CE /* SceneDelegate.swift */; };
		1109F72F294DF419006AB3CE /* LogInViewController.swift in Sources */ = {isa = PBXBuildFile; fileRef = 1109F72E294DF419006AB3CE /* LogInViewController.swift */; };
		1109F732294DF419006AB3CE /* LogInStoryboard.storyboard in Resources */ = {isa = PBXBuildFile; fileRef = 1109F730294DF419006AB3CE /* LogInStoryboard.storyboard */; };
		1109F734294DF41A006AB3CE /* Assets.xcassets in Resources */ = {isa = PBXBuildFile; fileRef = 1109F733294DF41A006AB3CE /* Assets.xcassets */; };
		1121DE462950382700129C08 /* LabelTappable.swift in Sources */ = {isa = PBXBuildFile; fileRef = 1121DE452950382700129C08 /* LabelTappable.swift */; };
		115BECC5295F80D300D17EB4 /* UIButton+shadow.swift in Sources */ = {isa = PBXBuildFile; fileRef = 115BECC4295F80D300D17EB4 /* UIButton+shadow.swift */; };
		11721EFD296040A900767FBC /* String+textStyle.swift in Sources */ = {isa = PBXBuildFile; fileRef = 11721EFC296040A900767FBC /* String+textStyle.swift */; };
		11721EFF296077F800767FBC /* String+removeSpaces.swift in Sources */ = {isa = PBXBuildFile; fileRef = 11721EFE296077F800767FBC /* String+removeSpaces.swift */; };
		1199D2EA294F034300FEC95B /* LogInTextField.swift in Sources */ = {isa = PBXBuildFile; fileRef = 1199D2E9294F034300FEC95B /* LogInTextField.swift */; };
		11B20007296F53D10045960B /* JsonData.swift in Sources */ = {isa = PBXBuildFile; fileRef = 11B20006296F53D10045960B /* JsonData.swift */; };
		11B20009296F55C20045960B /* User.swift in Sources */ = {isa = PBXBuildFile; fileRef = 11B20008296F55C20045960B /* User.swift */; };
		11B2000B297008160045960B /* MainStoryboard.storyboard in Resources */ = {isa = PBXBuildFile; fileRef = 11B2000A297008160045960B /* MainStoryboard.storyboard */; };
		11B2000D2970188C0045960B /* MainViewController.swift in Sources */ = {isa = PBXBuildFile; fileRef = 11B2000C2970188C0045960B /* MainViewController.swift */; };
		11F15F2E294E48AF00D297B5 /* LogInView.swift in Sources */ = {isa = PBXBuildFile; fileRef = 11F15F2D294E48AF00D297B5 /* LogInView.swift */; };
/* End PBXBuildFile section */

/* Begin PBXFileReference section */
		1108CD6E296B0DEC00A77169 /* Montserrat-Regular.ttf */ = {isa = PBXFileReference; lastKnownFileType = file; path = "Montserrat-Regular.ttf"; sourceTree = "<group>"; };
		1109F727294DF419006AB3CE /* Museum.app */ = {isa = PBXFileReference; explicitFileType = wrapper.application; includeInIndex = 0; path = Museum.app; sourceTree = BUILT_PRODUCTS_DIR; };
		1109F72A294DF419006AB3CE /* AppDelegate.swift */ = {isa = PBXFileReference; lastKnownFileType = sourcecode.swift; path = AppDelegate.swift; sourceTree = "<group>"; };
		1109F72C294DF419006AB3CE /* SceneDelegate.swift */ = {isa = PBXFileReference; lastKnownFileType = sourcecode.swift; path = SceneDelegate.swift; sourceTree = "<group>"; };
		1109F72E294DF419006AB3CE /* LogInViewController.swift */ = {isa = PBXFileReference; lastKnownFileType = sourcecode.swift; path = LogInViewController.swift; sourceTree = "<group>"; };
		1109F731294DF419006AB3CE /* Base */ = {isa = PBXFileReference; lastKnownFileType = file.storyboard; name = Base; path = Base.lproj/LogInStoryboard.storyboard; sourceTree = "<group>"; };
		1109F733294DF41A006AB3CE /* Assets.xcassets */ = {isa = PBXFileReference; lastKnownFileType = folder.assetcatalog; path = Assets.xcassets; sourceTree = "<group>"; };
		1109F738294DF41A006AB3CE /* Info.plist */ = {isa = PBXFileReference; lastKnownFileType = text.plist.xml; path = Info.plist; sourceTree = "<group>"; };
		1121DE452950382700129C08 /* LabelTappable.swift */ = {isa = PBXFileReference; lastKnownFileType = sourcecode.swift; path = LabelTappable.swift; sourceTree = "<group>"; };
		115BECC4295F80D300D17EB4 /* UIButton+shadow.swift */ = {isa = PBXFileReference; lastKnownFileType = sourcecode.swift; path = "UIButton+shadow.swift"; sourceTree = "<group>"; };
		11721EFC296040A900767FBC /* String+textStyle.swift */ = {isa = PBXFileReference; lastKnownFileType = sourcecode.swift; path = "String+textStyle.swift"; sourceTree = "<group>"; };
		11721EFE296077F800767FBC /* String+removeSpaces.swift */ = {isa = PBXFileReference; lastKnownFileType = sourcecode.swift; path = "String+removeSpaces.swift"; sourceTree = "<group>"; };
		1199D2E9294F034300FEC95B /* LogInTextField.swift */ = {isa = PBXFileReference; lastKnownFileType = sourcecode.swift; path = LogInTextField.swift; sourceTree = "<group>"; };
		11B20006296F53D10045960B /* JsonData.swift */ = {isa = PBXFileReference; lastKnownFileType = sourcecode.swift; path = JsonData.swift; sourceTree = "<group>"; };
		11B20008296F55C20045960B /* User.swift */ = {isa = PBXFileReference; lastKnownFileType = sourcecode.swift; path = User.swift; sourceTree = "<group>"; };
		11B2000A297008160045960B /* MainStoryboard.storyboard */ = {isa = PBXFileReference; lastKnownFileType = file.storyboard; path = MainStoryboard.storyboard; sourceTree = "<group>"; };
		11B2000C2970188C0045960B /* MainViewController.swift */ = {isa = PBXFileReference; lastKnownFileType = sourcecode.swift; path = MainViewController.swift; sourceTree = "<group>"; };
		11F15F2D294E48AF00D297B5 /* LogInView.swift */ = {isa = PBXFileReference; lastKnownFileType = sourcecode.swift; path = LogInView.swift; sourceTree = "<group>"; };
/* End PBXFileReference section */

/* Begin PBXFrameworksBuildPhase section */
		1109F724294DF419006AB3CE /* Frameworks */ = {
			isa = PBXFrameworksBuildPhase;
			buildActionMask = 2147483647;
			files = (
			);
			runOnlyForDeploymentPostprocessing = 0;
		};
/* End PBXFrameworksBuildPhase section */

/* Begin PBXGroup section */
		1108CD6D296B0DD100A77169 /* Fonts */ = {
			isa = PBXGroup;
			children = (
				1108CD6E296B0DEC00A77169 /* Montserrat-Regular.ttf */,
			);
			path = Fonts;
			sourceTree = "<group>";
		};
		1109F71E294DF419006AB3CE = {
			isa = PBXGroup;
			children = (
				1109F729294DF419006AB3CE /* Museum */,
				1109F728294DF419006AB3CE /* Products */,
				11BDBCE02954C97100766AA1 /* Frameworks */,
			);
			sourceTree = "<group>";
		};
		1109F728294DF419006AB3CE /* Products */ = {
			isa = PBXGroup;
			children = (
				1109F727294DF419006AB3CE /* Museum.app */,
			);
			name = Products;
			sourceTree = "<group>";
		};
		1109F729294DF419006AB3CE /* Museum */ = {
			isa = PBXGroup;
			children = (
				11B2000E2970189E0045960B /* Main */,
				1108CD6D296B0DD100A77169 /* Fonts */,
				1199D2EB294F038C00FEC95B /* LogIn */,
				1109F72A294DF419006AB3CE /* AppDelegate.swift */,
				1109F72C294DF419006AB3CE /* SceneDelegate.swift */,
				11721EFC296040A900767FBC /* String+textStyle.swift */,
				11721EFE296077F800767FBC /* String+removeSpaces.swift */,
				115BECC4295F80D300D17EB4 /* UIButton+shadow.swift */,
				11B20006296F53D10045960B /* JsonData.swift */,
				11B20008296F55C20045960B /* User.swift */,
				1109F730294DF419006AB3CE /* LogInStoryboard.storyboard */,
				11B2000A297008160045960B /* MainStoryboard.storyboard */,
				1109F733294DF41A006AB3CE /* Assets.xcassets */,
				1109F738294DF41A006AB3CE /* Info.plist */,
			);
			path = Museum;
			sourceTree = "<group>";
		};
		1199D2EB294F038C00FEC95B /* LogIn */ = {
			isa = PBXGroup;
			children = (
				1109F72E294DF419006AB3CE /* LogInViewController.swift */,
				11F15F2D294E48AF00D297B5 /* LogInView.swift */,
				1199D2E9294F034300FEC95B /* LogInTextField.swift */,
				1121DE452950382700129C08 /* LabelTappable.swift */,
			);
			path = LogIn;
			sourceTree = "<group>";
		};
		11B2000E2970189E0045960B /* Main */ = {
			isa = PBXGroup;
			children = (
				11B2000C2970188C0045960B /* MainViewController.swift */,
			);
			path = Main;
			sourceTree = "<group>";
		};
		11BDBCE02954C97100766AA1 /* Frameworks */ = {
			isa = PBXGroup;
			children = (
			);
			name = Frameworks;
			sourceTree = "<group>";
		};
/* End PBXGroup section */

/* Begin PBXNativeTarget section */
		1109F726294DF419006AB3CE /* Museum */ = {
			isa = PBXNativeTarget;
			buildConfigurationList = 1109F73B294DF41A006AB3CE /* Build configuration list for PBXNativeTarget "Museum" */;
			buildPhases = (
				1109F723294DF419006AB3CE /* Sources */,
				1109F724294DF419006AB3CE /* Frameworks */,
				1109F725294DF419006AB3CE /* Resources */,
			);
			buildRules = (
			);
			dependencies = (
			);
			name = Museum;
			productName = Museum;
			productReference = 1109F727294DF419006AB3CE /* Museum.app */;
			productType = "com.apple.product-type.application";
		};
/* End PBXNativeTarget section */

/* Begin PBXProject section */
		1109F71F294DF419006AB3CE /* Project object */ = {
			isa = PBXProject;
			attributes = {
				BuildIndependentTargetsInParallel = 1;
				LastSwiftUpdateCheck = 1410;
				LastUpgradeCheck = 1410;
				TargetAttributes = {
					1109F726294DF419006AB3CE = {
						CreatedOnToolsVersion = 14.1;
					};
				};
			};
			buildConfigurationList = 1109F722294DF419006AB3CE /* Build configuration list for PBXProject "Museum" */;
			compatibilityVersion = "Xcode 14.0";
			developmentRegion = en;
			hasScannedForEncodings = 0;
			knownRegions = (
				en,
				Base,
			);
			mainGroup = 1109F71E294DF419006AB3CE;
			productRefGroup = 1109F728294DF419006AB3CE /* Products */;
			projectDirPath = "";
			projectRoot = "";
			targets = (
				1109F726294DF419006AB3CE /* Museum */,
			);
		};
/* End PBXProject section */

/* Begin PBXResourcesBuildPhase section */
		1109F725294DF419006AB3CE /* Resources */ = {
			isa = PBXResourcesBuildPhase;
			buildActionMask = 2147483647;
			files = (
				1108CD6F296B0DEC00A77169 /* Montserrat-Regular.ttf in Resources */,
				1109F734294DF41A006AB3CE /* Assets.xcassets in Resources */,
				11B2000B297008160045960B /* MainStoryboard.storyboard in Resources */,
				1109F732294DF419006AB3CE /* LogInStoryboard.storyboard in Resources */,
			);
			runOnlyForDeploymentPostprocessing = 0;
		};
/* End PBXResourcesBuildPhase section */

/* Begin PBXSourcesBuildPhase section */
		1109F723294DF419006AB3CE /* Sources */ = {
			isa = PBXSourcesBuildPhase;
			buildActionMask = 2147483647;
			files = (
				1121DE462950382700129C08 /* LabelTappable.swift in Sources */,
				11721EFD296040A900767FBC /* String+textStyle.swift in Sources */,
				115BECC5295F80D300D17EB4 /* UIButton+shadow.swift in Sources */,
				11B2000D2970188C0045960B /* MainViewController.swift in Sources */,
				11721EFF296077F800767FBC /* String+removeSpaces.swift in Sources */,
				11F15F2E294E48AF00D297B5 /* LogInView.swift in Sources */,
				1109F72F294DF419006AB3CE /* LogInViewController.swift in Sources */,
				1199D2EA294F034300FEC95B /* LogInTextField.swift in Sources */,
				1109F72B294DF419006AB3CE /* AppDelegate.swift in Sources */,
				1109F72D294DF419006AB3CE /* SceneDelegate.swift in Sources */,
				11B20007296F53D10045960B /* JsonData.swift in Sources */,
				11B20009296F55C20045960B /* User.swift in Sources */,
			);
			runOnlyForDeploymentPostprocessing = 0;
		};
/* End PBXSourcesBuildPhase section */

/* Begin PBXVariantGroup section */
		1109F730294DF419006AB3CE /* LogInStoryboard.storyboard */ = {
			isa = PBXVariantGroup;
			children = (
				1109F731294DF419006AB3CE /* Base */,
			);
			name = LogInStoryboard.storyboard;
			sourceTree = "<group>";
		};
/* End PBXVariantGroup section */

/* Begin XCBuildConfiguration section */
		1109F739294DF41A006AB3CE /* Debug */ = {
			isa = XCBuildConfiguration;
			buildSettings = {
				ALWAYS_SEARCH_USER_PATHS = NO;
				CLANG_ANALYZER_NONNULL = YES;
				CLANG_ANALYZER_NUMBER_OBJECT_CONVERSION = YES_AGGRESSIVE;
				CLANG_CXX_LANGUAGE_STANDARD = "gnu++20";
				CLANG_ENABLE_MODULES = YES;
				CLANG_ENABLE_OBJC_ARC = YES;
				CLANG_ENABLE_OBJC_WEAK = YES;
				CLANG_WARN_BLOCK_CAPTURE_AUTORELEASING = YES;
				CLANG_WARN_BOOL_CONVERSION = YES;
				CLANG_WARN_COMMA = YES;
				CLANG_WARN_CONSTANT_CONVERSION = YES;
				CLANG_WARN_DEPRECATED_OBJC_IMPLEMENTATIONS = YES;
				CLANG_WARN_DIRECT_OBJC_ISA_USAGE = YES_ERROR;
				CLANG_WARN_DOCUMENTATION_COMMENTS = YES;
				CLANG_WARN_EMPTY_BODY = YES;
				CLANG_WARN_ENUM_CONVERSION = YES;
				CLANG_WARN_INFINITE_RECURSION = YES;
				CLANG_WARN_INT_CONVERSION = YES;
				CLANG_WARN_NON_LITERAL_NULL_CONVERSION = YES;
				CLANG_WARN_OBJC_IMPLICIT_RETAIN_SELF = YES;
				CLANG_WARN_OBJC_LITERAL_CONVERSION = YES;
				CLANG_WARN_OBJC_ROOT_CLASS = YES_ERROR;
				CLANG_WARN_QUOTED_INCLUDE_IN_FRAMEWORK_HEADER = YES;
				CLANG_WARN_RANGE_LOOP_ANALYSIS = YES;
				CLANG_WARN_STRICT_PROTOTYPES = YES;
				CLANG_WARN_SUSPICIOUS_MOVE = YES;
				CLANG_WARN_UNGUARDED_AVAILABILITY = YES_AGGRESSIVE;
				CLANG_WARN_UNREACHABLE_CODE = YES;
				CLANG_WARN__DUPLICATE_METHOD_MATCH = YES;
				COPY_PHASE_STRIP = NO;
				DEBUG_INFORMATION_FORMAT = dwarf;
				ENABLE_STRICT_OBJC_MSGSEND = YES;
				ENABLE_TESTABILITY = YES;
				GCC_C_LANGUAGE_STANDARD = gnu11;
				GCC_DYNAMIC_NO_PIC = NO;
				GCC_NO_COMMON_BLOCKS = YES;
				GCC_OPTIMIZATION_LEVEL = 0;
				GCC_PREPROCESSOR_DEFINITIONS = (
					"DEBUG=1",
					"$(inherited)",
				);
				GCC_WARN_64_TO_32_BIT_CONVERSION = YES;
				GCC_WARN_ABOUT_RETURN_TYPE = YES_ERROR;
				GCC_WARN_UNDECLARED_SELECTOR = YES;
				GCC_WARN_UNINITIALIZED_AUTOS = YES_AGGRESSIVE;
				GCC_WARN_UNUSED_FUNCTION = YES;
				GCC_WARN_UNUSED_VARIABLE = YES;
				IPHONEOS_DEPLOYMENT_TARGET = 16.1;
				MTL_ENABLE_DEBUG_INFO = INCLUDE_SOURCE;
				MTL_FAST_MATH = YES;
				ONLY_ACTIVE_ARCH = YES;
				SDKROOT = iphoneos;
				SWIFT_ACTIVE_COMPILATION_CONDITIONS = DEBUG;
				SWIFT_OPTIMIZATION_LEVEL = "-Onone";
			};
			name = Debug;
		};
		1109F73A294DF41A006AB3CE /* Release */ = {
			isa = XCBuildConfiguration;
			buildSettings = {
				ALWAYS_SEARCH_USER_PATHS = NO;
				CLANG_ANALYZER_NONNULL = YES;
				CLANG_ANALYZER_NUMBER_OBJECT_CONVERSION = YES_AGGRESSIVE;
				CLANG_CXX_LANGUAGE_STANDARD = "gnu++20";
				CLANG_ENABLE_MODULES = YES;
				CLANG_ENABLE_OBJC_ARC = YES;
				CLANG_ENABLE_OBJC_WEAK = YES;
				CLANG_WARN_BLOCK_CAPTURE_AUTORELEASING = YES;
				CLANG_WARN_BOOL_CONVERSION = YES;
				CLANG_WARN_COMMA = YES;
				CLANG_WARN_CONSTANT_CONVERSION = YES;
				CLANG_WARN_DEPRECATED_OBJC_IMPLEMENTATIONS = YES;
				CLANG_WARN_DIRECT_OBJC_ISA_USAGE = YES_ERROR;
				CLANG_WARN_DOCUMENTATION_COMMENTS = YES;
				CLANG_WARN_EMPTY_BODY = YES;
				CLANG_WARN_ENUM_CONVERSION = YES;
				CLANG_WARN_INFINITE_RECURSION = YES;
				CLANG_WARN_INT_CONVERSION = YES;
				CLANG_WARN_NON_LITERAL_NULL_CONVERSION = YES;
				CLANG_WARN_OBJC_IMPLICIT_RETAIN_SELF = YES;
				CLANG_WARN_OBJC_LITERAL_CONVERSION = YES;
				CLANG_WARN_OBJC_ROOT_CLASS = YES_ERROR;
				CLANG_WARN_QUOTED_INCLUDE_IN_FRAMEWORK_HEADER = YES;
				CLANG_WARN_RANGE_LOOP_ANALYSIS = YES;
				CLANG_WARN_STRICT_PROTOTYPES = YES;
				CLANG_WARN_SUSPICIOUS_MOVE = YES;
				CLANG_WARN_UNGUARDED_AVAILABILITY = YES_AGGRESSIVE;
				CLANG_WARN_UNREACHABLE_CODE = YES;
				CLANG_WARN__DUPLICATE_METHOD_MATCH = YES;
				COPY_PHASE_STRIP = NO;
				DEBUG_INFORMATION_FORMAT = "dwarf-with-dsym";
				ENABLE_NS_ASSERTIONS = NO;
				ENABLE_STRICT_OBJC_MSGSEND = YES;
				GCC_C_LANGUAGE_STANDARD = gnu11;
				GCC_NO_COMMON_BLOCKS = YES;
				GCC_WARN_64_TO_32_BIT_CONVERSION = YES;
				GCC_WARN_ABOUT_RETURN_TYPE = YES_ERROR;
				GCC_WARN_UNDECLARED_SELECTOR = YES;
				GCC_WARN_UNINITIALIZED_AUTOS = YES_AGGRESSIVE;
				GCC_WARN_UNUSED_FUNCTION = YES;
				GCC_WARN_UNUSED_VARIABLE = YES;
				IPHONEOS_DEPLOYMENT_TARGET = 16.1;
				MTL_ENABLE_DEBUG_INFO = NO;
				MTL_FAST_MATH = YES;
				SDKROOT = iphoneos;
				SWIFT_COMPILATION_MODE = wholemodule;
				SWIFT_OPTIMIZATION_LEVEL = "-O";
				VALIDATE_PRODUCT = YES;
			};
			name = Release;
		};
		1109F73C294DF41A006AB3CE /* Debug */ = {
			isa = XCBuildConfiguration;
			buildSettings = {
				ASSETCATALOG_COMPILER_APPICON_NAME = AppIcon;
				ASSETCATALOG_COMPILER_GLOBAL_ACCENT_COLOR_NAME = AccentColor;
				CODE_SIGN_STYLE = Automatic;
				CURRENT_PROJECT_VERSION = 1;
				DEVELOPMENT_TEAM = 3NTG39P2L6;
				GENERATE_INFOPLIST_FILE = YES;
				INFOPLIST_FILE = Museum/Info.plist;
				INFOPLIST_KEY_UIApplicationSupportsIndirectInputEvents = YES;
				INFOPLIST_KEY_UILaunchStoryboardName = LaunchScreen;
				INFOPLIST_KEY_UIMainStoryboardFile = LogInStoryboard;
				INFOPLIST_KEY_UISupportedInterfaceOrientations_iPad = "UIInterfaceOrientationPortrait UIInterfaceOrientationPortraitUpsideDown UIInterfaceOrientationLandscapeLeft UIInterfaceOrientationLandscapeRight";
				INFOPLIST_KEY_UISupportedInterfaceOrientations_iPhone = "UIInterfaceOrientationPortrait UIInterfaceOrientationLandscapeLeft UIInterfaceOrientationLandscapeRight";
				LD_RUNPATH_SEARCH_PATHS = (
					"$(inherited)",
					"@executable_path/Frameworks",
				);
				MARKETING_VERSION = 1.0;
				PRODUCT_BUNDLE_IDENTIFIER = com.vnazimko.Museum;
				PRODUCT_NAME = "$(TARGET_NAME)";
				SWIFT_EMIT_LOC_STRINGS = YES;
				SWIFT_VERSION = 5.0;
				TARGETED_DEVICE_FAMILY = "1,2";
			};
			name = Debug;
		};
		1109F73D294DF41A006AB3CE /* Release */ = {
			isa = XCBuildConfiguration;
			buildSettings = {
				ASSETCATALOG_COMPILER_APPICON_NAME = AppIcon;
				ASSETCATALOG_COMPILER_GLOBAL_ACCENT_COLOR_NAME = AccentColor;
				CODE_SIGN_STYLE = Automatic;
				CURRENT_PROJECT_VERSION = 1;
				DEVELOPMENT_TEAM = 3NTG39P2L6;
				GENERATE_INFOPLIST_FILE = YES;
				INFOPLIST_FILE = Museum/Info.plist;
				INFOPLIST_KEY_UIApplicationSupportsIndirectInputEvents = YES;
				INFOPLIST_KEY_UILaunchStoryboardName = LaunchScreen;
				INFOPLIST_KEY_UIMainStoryboardFile = LogInStoryboard;
				INFOPLIST_KEY_UISupportedInterfaceOrientations_iPad = "UIInterfaceOrientationPortrait UIInterfaceOrientationPortraitUpsideDown UIInterfaceOrientationLandscapeLeft UIInterfaceOrientationLandscapeRight";
				INFOPLIST_KEY_UISupportedInterfaceOrientations_iPhone = "UIInterfaceOrientationPortrait UIInterfaceOrientationLandscapeLeft UIInterfaceOrientationLandscapeRight";
				LD_RUNPATH_SEARCH_PATHS = (
					"$(inherited)",
					"@executable_path/Frameworks",
				);
				MARKETING_VERSION = 1.0;
				PRODUCT_BUNDLE_IDENTIFIER = com.vnazimko.Museum;
				PRODUCT_NAME = "$(TARGET_NAME)";
				SWIFT_EMIT_LOC_STRINGS = YES;
				SWIFT_VERSION = 5.0;
				TARGETED_DEVICE_FAMILY = "1,2";
			};
			name = Release;
		};
/* End XCBuildConfiguration section */

/* Begin XCConfigurationList section */
		1109F722294DF419006AB3CE /* Build configuration list for PBXProject "Museum" */ = {
			isa = XCConfigurationList;
			buildConfigurations = (
				1109F739294DF41A006AB3CE /* Debug */,
				1109F73A294DF41A006AB3CE /* Release */,
			);
			defaultConfigurationIsVisible = 0;
			defaultConfigurationName = Release;
		};
		1109F73B294DF41A006AB3CE /* Build configuration list for PBXNativeTarget "Museum" */ = {
			isa = XCConfigurationList;
			buildConfigurations = (
				1109F73C294DF41A006AB3CE /* Debug */,
				1109F73D294DF41A006AB3CE /* Release */,
			);
			defaultConfigurationIsVisible = 0;
			defaultConfigurationName = Release;
		};
/* End XCConfigurationList section */
	};
	rootObject = 1109F71F294DF419006AB3CE /* Project object */;
}
