// !$*UTF8*$!
{
	archiveVersion = 1;
	classes = {
	};
	objectVersion = 56;
	objects = {

/* Begin PBXBuildFile section */
		1108CD6F296B0DEC00A77169 /* Montserrat-Regular.ttf in Resources */ = {isa = PBXBuildFile; fileRef = 1108CD6E296B0DEC00A77169 /* Montserrat-Regular.ttf */; };
		1109F72B294DF419006AB3CE /* AppDelegate.swift in Sources */ = {isa = PBXBuildFile; fileRef = 1109F72A294DF419006AB3CE /* AppDelegate.swift */; };
		1109F72D294DF419006AB3CE /* SceneDelegate.swift in Sources */ = {isa = PBXBuildFile; fileRef = 1109F72C294DF419006AB3CE /* SceneDelegate.swift */; };
		1109F72F294DF419006AB3CE /* LogInViewController.swift in Sources */ = {isa = PBXBuildFile; fileRef = 1109F72E294DF419006AB3CE /* LogInViewController.swift */; };
		1109F732294DF419006AB3CE /* LogInStoryboard.storyboard in Resources */ = {isa = PBXBuildFile; fileRef = 1109F730294DF419006AB3CE /* LogInStoryboard.storyboard */; };
		1109F734294DF41A006AB3CE /* Assets.xcassets in Resources */ = {isa = PBXBuildFile; fileRef = 1109F733294DF41A006AB3CE /* Assets.xcassets */; };
		11171FE52997BCC30089C58A /* Router.swift in Sources */ = {isa = PBXBuildFile; fileRef = 11171FE42997BCC30089C58A /* Router.swift */; };
		1121DE462950382700129C08 /* MuseumLabel.swift in Sources */ = {isa = PBXBuildFile; fileRef = 1121DE452950382700129C08 /* MuseumLabel.swift */; };
		112C57D329C36ED600A4354E /* Localizable.strings in Resources */ = {isa = PBXBuildFile; fileRef = 112C57D529C36ED600A4354E /* Localizable.strings */; };
		1153587D29F122B800944101 /* InfoPlist.strings in Resources */ = {isa = PBXBuildFile; fileRef = 1153587A29F1208800944101 /* InfoPlist.strings */; };
		115BECC5295F80D300D17EB4 /* UIButton+shadow.swift in Sources */ = {isa = PBXBuildFile; fileRef = 115BECC4295F80D300D17EB4 /* UIButton+shadow.swift */; };
		1163021029F1119E0031362C /* MuseumUITests.swift in Sources */ = {isa = PBXBuildFile; fileRef = 1163020F29F1119E0031362C /* MuseumUITests.swift */; };
		116B4DBD29A89D3000E7E81A /* CATransition+types.swift in Sources */ = {isa = PBXBuildFile; fileRef = 116B4DBC29A89D3000E7E81A /* CATransition+types.swift */; };
		11721EFD296040A900767FBC /* String+textStyle.swift in Sources */ = {isa = PBXBuildFile; fileRef = 11721EFC296040A900767FBC /* String+textStyle.swift */; };
		1199D2EA294F034300FEC95B /* MuseumTextField.swift in Sources */ = {isa = PBXBuildFile; fileRef = 1199D2E9294F034300FEC95B /* MuseumTextField.swift */; };
		119E6E9A2A5BB39C00F9DDC1 /* ServiceLocator.swift in Sources */ = {isa = PBXBuildFile; fileRef = 119E6E992A5BB39C00F9DDC1 /* ServiceLocator.swift */; };
		119E6E9E2A5C7D4D00F9DDC1 /* UserRepository.swift in Sources */ = {isa = PBXBuildFile; fileRef = 119E6E9D2A5C7D4D00F9DDC1 /* UserRepository.swift */; };
		119F427129C364FF0048761B /* LaunchScreen.storyboard in Resources */ = {isa = PBXBuildFile; fileRef = 119F427329C364FF0048761B /* LaunchScreen.storyboard */; };
		119F427629C365420048761B /* EventStoryboard.storyboard in Resources */ = {isa = PBXBuildFile; fileRef = 119F427829C365420048761B /* EventStoryboard.storyboard */; };
		11A50E682A59C2E10080064A /* ErrorHandler.swift in Sources */ = {isa = PBXBuildFile; fileRef = 11A50E672A59C2E10080064A /* ErrorHandler.swift */; };
		11B20007296F53D10045960B /* JsonService.swift in Sources */ = {isa = PBXBuildFile; fileRef = 11B20006296F53D10045960B /* JsonService.swift */; };
		11B20009296F55C20045960B /* User.swift in Sources */ = {isa = PBXBuildFile; fileRef = 11B20008296F55C20045960B /* User.swift */; };
		11B2000D2970188C0045960B /* EventViewController.swift in Sources */ = {isa = PBXBuildFile; fileRef = 11B2000C2970188C0045960B /* EventViewController.swift */; };
		11C6A2D429A68881009B8836 /* Event.swift in Sources */ = {isa = PBXBuildFile; fileRef = 11C6A2D329A68880009B8836 /* Event.swift */; };
		11C8B1B12986C3D900E55018 /* LogInPresenter.swift in Sources */ = {isa = PBXBuildFile; fileRef = 11C8B1B02986C3D900E55018 /* LogInPresenter.swift */; };
		11C8B1B42986CC6B00E55018 /* ModuleBuilder.swift in Sources */ = {isa = PBXBuildFile; fileRef = 11C8B1B32986CC6B00E55018 /* ModuleBuilder.swift */; };
		11C8B1B62987023D00E55018 /* EventPresenter.swift in Sources */ = {isa = PBXBuildFile; fileRef = 11C8B1B52987023D00E55018 /* EventPresenter.swift */; };
		11DB122B2A5D296300356AB1 /* EventRepositoryProtocol.swift in Sources */ = {isa = PBXBuildFile; fileRef = 11DB122A2A5D296300356AB1 /* EventRepositoryProtocol.swift */; };
		11E2C9A629FE75C900BDED92 /* GoogleService-Info.plist in Resources */ = {isa = PBXBuildFile; fileRef = 11E2C9A529FE75C900BDED92 /* GoogleService-Info.plist */; };
		11E5F4BC29C04D4B00B979B4 /* FirebaseCrashlytics in Frameworks */ = {isa = PBXBuildFile; productRef = 11E5F4BB29C04D4B00B979B4 /* FirebaseCrashlytics */; };
/* End PBXBuildFile section */

/* Begin PBXContainerItemProxy section */
		1163021329F1119E0031362C /* PBXContainerItemProxy */ = {
			isa = PBXContainerItemProxy;
			containerPortal = 1109F71F294DF419006AB3CE /* Project object */;
			proxyType = 1;
			remoteGlobalIDString = 1109F726294DF419006AB3CE;
			remoteInfo = Museum;
		};
/* End PBXContainerItemProxy section */

/* Begin PBXFileReference section */
		1108CD6E296B0DEC00A77169 /* Montserrat-Regular.ttf */ = {isa = PBXFileReference; lastKnownFileType = file; path = "Montserrat-Regular.ttf"; sourceTree = "<group>"; };
		1109F72A294DF419006AB3CE /* AppDelegate.swift */ = {isa = PBXFileReference; lastKnownFileType = sourcecode.swift; path = AppDelegate.swift; sourceTree = "<group>"; };
		1109F72C294DF419006AB3CE /* SceneDelegate.swift */ = {isa = PBXFileReference; lastKnownFileType = sourcecode.swift; path = SceneDelegate.swift; sourceTree = "<group>"; };
		1109F72E294DF419006AB3CE /* LogInViewController.swift */ = {isa = PBXFileReference; lastKnownFileType = sourcecode.swift; path = LogInViewController.swift; sourceTree = "<group>"; };
		1109F733294DF41A006AB3CE /* Assets.xcassets */ = {isa = PBXFileReference; lastKnownFileType = folder.assetcatalog; path = Assets.xcassets; sourceTree = "<group>"; };
		1109F738294DF41A006AB3CE /* Info.plist */ = {isa = PBXFileReference; lastKnownFileType = text.plist.xml; path = Info.plist; sourceTree = "<group>"; };
		11171FE42997BCC30089C58A /* Router.swift */ = {isa = PBXFileReference; lastKnownFileType = sourcecode.swift; path = Router.swift; sourceTree = "<group>"; };
		1121DE452950382700129C08 /* MuseumLabel.swift */ = {isa = PBXFileReference; lastKnownFileType = sourcecode.swift; path = MuseumLabel.swift; sourceTree = "<group>"; };
		112C57D429C36ED600A4354E /* fr */ = {isa = PBXFileReference; lastKnownFileType = text.plist.strings; name = fr; path = fr.lproj/Localizable.strings; sourceTree = "<group>"; };
		112C57D629C36EDB00A4354E /* en */ = {isa = PBXFileReference; lastKnownFileType = text.plist.strings; name = en; path = en.lproj/Localizable.strings; sourceTree = "<group>"; };
		112C57D729C36EDD00A4354E /* ru */ = {isa = PBXFileReference; lastKnownFileType = text.plist.strings; name = ru; path = ru.lproj/Localizable.strings; sourceTree = "<group>"; };
		1153587929F1208800944101 /* en */ = {isa = PBXFileReference; lastKnownFileType = text.plist.strings; name = en; path = en.lproj/InfoPlist.strings; sourceTree = "<group>"; };
		1153587B29F120AA00944101 /* fr */ = {isa = PBXFileReference; lastKnownFileType = text.plist.strings; name = fr; path = fr.lproj/InfoPlist.strings; sourceTree = "<group>"; };
		1153587C29F120AC00944101 /* ru */ = {isa = PBXFileReference; lastKnownFileType = text.plist.strings; name = ru; path = ru.lproj/InfoPlist.strings; sourceTree = "<group>"; };
		11594F7A29A5392400709641 /* EventKit.framework */ = {isa = PBXFileReference; lastKnownFileType = wrapper.framework; name = EventKit.framework; path = System/Library/Frameworks/EventKit.framework; sourceTree = SDKROOT; };
		115BECC4295F80D300D17EB4 /* UIButton+shadow.swift */ = {isa = PBXFileReference; lastKnownFileType = sourcecode.swift; path = "UIButton+shadow.swift"; sourceTree = "<group>"; };
		1163020F29F1119E0031362C /* MuseumUITests.swift */ = {isa = PBXFileReference; lastKnownFileType = sourcecode.swift; path = MuseumUITests.swift; sourceTree = "<group>"; };
		116B4DBC29A89D3000E7E81A /* CATransition+types.swift */ = {isa = PBXFileReference; lastKnownFileType = sourcecode.swift; path = "CATransition+types.swift"; sourceTree = "<group>"; };
		11721EFC296040A900767FBC /* String+textStyle.swift */ = {isa = PBXFileReference; lastKnownFileType = sourcecode.swift; path = "String+textStyle.swift"; sourceTree = "<group>"; };
		1199D2E9294F034300FEC95B /* MuseumTextField.swift */ = {isa = PBXFileReference; lastKnownFileType = sourcecode.swift; path = MuseumTextField.swift; sourceTree = "<group>"; };
		119E6E992A5BB39C00F9DDC1 /* ServiceLocator.swift */ = {isa = PBXFileReference; lastKnownFileType = sourcecode.swift; path = ServiceLocator.swift; sourceTree = "<group>"; };
		119E6E9D2A5C7D4D00F9DDC1 /* UserRepository.swift */ = {isa = PBXFileReference; lastKnownFileType = sourcecode.swift; path = UserRepository.swift; sourceTree = "<group>"; };
		119F427B29C365B00048761B /* Base */ = {isa = PBXFileReference; lastKnownFileType = file.storyboard; name = Base; path = Base.lproj/LogInStoryboard.storyboard; sourceTree = "<group>"; };
		119F427C29C365B00048761B /* Base */ = {isa = PBXFileReference; lastKnownFileType = file.storyboard; name = Base; path = Base.lproj/LaunchScreen.storyboard; sourceTree = "<group>"; };
		119F427D29C365B00048761B /* Base */ = {isa = PBXFileReference; lastKnownFileType = file.storyboard; name = Base; path = Base.lproj/EventStoryboard.storyboard; sourceTree = "<group>"; };
		11A50E672A59C2E10080064A /* ErrorHandler.swift */ = {isa = PBXFileReference; lastKnownFileType = sourcecode.swift; path = ErrorHandler.swift; sourceTree = "<group>"; };
		11B20006296F53D10045960B /* JsonService.swift */ = {isa = PBXFileReference; lastKnownFileType = sourcecode.swift; path = JsonService.swift; sourceTree = "<group>"; };
		11B20008296F55C20045960B /* User.swift */ = {isa = PBXFileReference; lastKnownFileType = sourcecode.swift; path = User.swift; sourceTree = "<group>"; };
		11B2000C2970188C0045960B /* EventViewController.swift */ = {isa = PBXFileReference; lastKnownFileType = sourcecode.swift; path = EventViewController.swift; sourceTree = "<group>"; };
		11C6A2D329A68880009B8836 /* Event.swift */ = {isa = PBXFileReference; lastKnownFileType = sourcecode.swift; path = Event.swift; sourceTree = "<group>"; };
		11C8B1B02986C3D900E55018 /* LogInPresenter.swift */ = {isa = PBXFileReference; lastKnownFileType = sourcecode.swift; path = LogInPresenter.swift; sourceTree = "<group>"; };
		11C8B1B32986CC6B00E55018 /* ModuleBuilder.swift */ = {isa = PBXFileReference; lastKnownFileType = sourcecode.swift; path = ModuleBuilder.swift; sourceTree = "<group>"; };
		11C8B1B52987023D00E55018 /* EventPresenter.swift */ = {isa = PBXFileReference; lastKnownFileType = sourcecode.swift; path = EventPresenter.swift; sourceTree = "<group>"; };
		11DB122A2A5D296300356AB1 /* EventRepositoryProtocol.swift */ = {isa = PBXFileReference; lastKnownFileType = sourcecode.swift; path = EventRepositoryProtocol.swift; sourceTree = "<group>"; };
		11E2C9A429FE67A700BDED92 /* MuseumUITests.xctest */ = {isa = PBXFileReference; explicitFileType = wrapper.cfbundle; includeInIndex = 0; path = MuseumUITests.xctest; sourceTree = BUILT_PRODUCTS_DIR; };
		11E2C9A529FE75C900BDED92 /* GoogleService-Info.plist */ = {isa = PBXFileReference; fileEncoding = 4; lastKnownFileType = text.plist.xml; path = "GoogleService-Info.plist"; sourceTree = "<group>"; };
		11E809CB29882255005ACA3C /* Museum.app */ = {isa = PBXFileReference; explicitFileType = wrapper.application; includeInIndex = 0; path = Museum.app; sourceTree = BUILT_PRODUCTS_DIR; };
/* End PBXFileReference section */

/* Begin PBXFrameworksBuildPhase section */
		1109F724294DF419006AB3CE /* Frameworks */ = {
			isa = PBXFrameworksBuildPhase;
			buildActionMask = 2147483647;
			files = (
				11E5F4BC29C04D4B00B979B4 /* FirebaseCrashlytics in Frameworks */,
			);
			runOnlyForDeploymentPostprocessing = 0;
		};
		1163020A29F1119E0031362C /* Frameworks */ = {
			isa = PBXFrameworksBuildPhase;
			buildActionMask = 2147483647;
			files = (
			);
			runOnlyForDeploymentPostprocessing = 0;
		};
/* End PBXFrameworksBuildPhase section */

/* Begin PBXGroup section */
		1108CD6D296B0DD100A77169 /* Fonts */ = {
			isa = PBXGroup;
			children = (
				1108CD6E296B0DEC00A77169 /* Montserrat-Regular.ttf */,
			);
			path = Fonts;
			sourceTree = "<group>";
		};
		1109F71E294DF419006AB3CE = {
			isa = PBXGroup;
			children = (
				1109F729294DF419006AB3CE /* Museum */,
				11E809CB29882255005ACA3C /* Museum.app */,
				1163020E29F1119E0031362C /* MuseumUITests */,
				11594F7929A5392400709641 /* Frameworks */,
				11E2C9A429FE67A700BDED92 /* MuseumUITests.xctest */,
			);
			sourceTree = "<group>";
		};
		1109F729294DF419006AB3CE /* Museum */ = {
			isa = PBXGroup;
			children = (
				11C8B1AA2986B5B300E55018 /* Extensions */,
				11C8B1A52986B3E600E55018 /* AppMain */,
				11C8B1A72986B49300E55018 /* UI */,
				11C8B1A92986B56800E55018 /* Model */,
				11C8B1AB2986B5F500E55018 /* Services */,
			);
			path = Museum;
			sourceTree = "<group>";
		};
		11594F7929A5392400709641 /* Frameworks */ = {
			isa = PBXGroup;
			children = (
				11594F7A29A5392400709641 /* EventKit.framework */,
			);
			name = Frameworks;
			sourceTree = "<group>";
		};
		1163020E29F1119E0031362C /* MuseumUITests */ = {
			isa = PBXGroup;
			children = (
				1163020F29F1119E0031362C /* MuseumUITests.swift */,
			);
			path = MuseumUITests;
			sourceTree = "<group>";
		};
		1199D2EB294F038C00FEC95B /* LogInScreen */ = {
			isa = PBXGroup;
			children = (
				11C8B1AC2986C2AC00E55018 /* View */,
				11C8B1AE2986C2CB00E55018 /* Presenter */,
			);
			path = LogInScreen;
			sourceTree = "<group>";
		};
		119E6E9B2A5C7D3000F9DDC1 /* User */ = {
			isa = PBXGroup;
			children = (
				119E6E9D2A5C7D4D00F9DDC1 /* UserRepository.swift */,
				11B20008296F55C20045960B /* User.swift */,
			);
			path = User;
			sourceTree = "<group>";
		};
		119E6E9C2A5C7D3700F9DDC1 /* Event */ = {
			isa = PBXGroup;
			children = (
				11DB122A2A5D296300356AB1 /* EventRepositoryProtocol.swift */,
				11C6A2D329A68880009B8836 /* Event.swift */,
			);
			path = Event;
			sourceTree = "<group>";
		};
		11B2000E2970189E0045960B /* EventScreen */ = {
			isa = PBXGroup;
			children = (
				11C8B1AD2986C2BC00E55018 /* View */,
				11C8B1AF2986C2D600E55018 /* Presenter */,
			);
			path = EventScreen;
			sourceTree = "<group>";
		};
		11C8B1A52986B3E600E55018 /* AppMain */ = {
			isa = PBXGroup;
			children = (
				1108CD6D296B0DD100A77169 /* Fonts */,
				1109F733294DF41A006AB3CE /* Assets.xcassets */,
				112C57D529C36ED600A4354E /* Localizable.strings */,
				1109F738294DF41A006AB3CE /* Info.plist */,
				1153587A29F1208800944101 /* InfoPlist.strings */,
				11E2C9A529FE75C900BDED92 /* GoogleService-Info.plist */,
				119F427329C364FF0048761B /* LaunchScreen.storyboard */,
				1109F72A294DF419006AB3CE /* AppDelegate.swift */,
				1109F72C294DF419006AB3CE /* SceneDelegate.swift */,
				11C8B1B32986CC6B00E55018 /* ModuleBuilder.swift */,
				11171FE42997BCC30089C58A /* Router.swift */,
				119E6E992A5BB39C00F9DDC1 /* ServiceLocator.swift */,
			);
			path = AppMain;
			sourceTree = "<group>";
		};
		11C8B1A72986B49300E55018 /* UI */ = {
			isa = PBXGroup;
			children = (
				11DB122C2A5D763B00356AB1 /* CommonViews */,
				1199D2EB294F038C00FEC95B /* LogInScreen */,
				11B2000E2970189E0045960B /* EventScreen */,
			);
			path = UI;
			sourceTree = "<group>";
		};
		11C8B1A92986B56800E55018 /* Model */ = {
			isa = PBXGroup;
			children = (
				119E6E9C2A5C7D3700F9DDC1 /* Event */,
				119E6E9B2A5C7D3000F9DDC1 /* User */,
			);
			path = Model;
			sourceTree = "<group>";
		};
		11C8B1AA2986B5B300E55018 /* Extensions */ = {
			isa = PBXGroup;
			children = (
				116B4DBC29A89D3000E7E81A /* CATransition+types.swift */,
				11721EFC296040A900767FBC /* String+textStyle.swift */,
				115BECC4295F80D300D17EB4 /* UIButton+shadow.swift */,
			);
			path = Extensions;
			sourceTree = "<group>";
		};
		11C8B1AB2986B5F500E55018 /* Services */ = {
			isa = PBXGroup;
			children = (
				11B20006296F53D10045960B /* JsonService.swift */,
				11A50E672A59C2E10080064A /* ErrorHandler.swift */,
			);
			path = Services;
			sourceTree = "<group>";
		};
		11C8B1AC2986C2AC00E55018 /* View */ = {
			isa = PBXGroup;
			children = (
				1109F730294DF419006AB3CE /* LogInStoryboard.storyboard */,
				1109F72E294DF419006AB3CE /* LogInViewController.swift */,
			);
			path = View;
			sourceTree = "<group>";
		};
		11C8B1AD2986C2BC00E55018 /* View */ = {
			isa = PBXGroup;
			children = (
				119F427829C365420048761B /* EventStoryboard.storyboard */,
				11B2000C2970188C0045960B /* EventViewController.swift */,
			);
			path = View;
			sourceTree = "<group>";
		};
		11C8B1AE2986C2CB00E55018 /* Presenter */ = {
			isa = PBXGroup;
			children = (
				11C8B1B02986C3D900E55018 /* LogInPresenter.swift */,
			);
			path = Presenter;
			sourceTree = "<group>";
		};
		11C8B1AF2986C2D600E55018 /* Presenter */ = {
			isa = PBXGroup;
			children = (
				11C8B1B52987023D00E55018 /* EventPresenter.swift */,
			);
			path = Presenter;
			sourceTree = "<group>";
		};
		11DB122C2A5D763B00356AB1 /* CommonViews */ = {
			isa = PBXGroup;
			children = (
				1199D2E9294F034300FEC95B /* MuseumTextField.swift */,
				1121DE452950382700129C08 /* MuseumLabel.swift */,
			);
			path = CommonViews;
			sourceTree = "<group>";
		};
/* End PBXGroup section */

/* Begin PBXNativeTarget section */
		1109F726294DF419006AB3CE /* Museum */ = {
			isa = PBXNativeTarget;
			buildConfigurationList = 1109F73B294DF41A006AB3CE /* Build configuration list for PBXNativeTarget "Museum" */;
			buildPhases = (
				1109F723294DF419006AB3CE /* Sources */,
				1109F724294DF419006AB3CE /* Frameworks */,
				1109F725294DF419006AB3CE /* Resources */,
				11E5F4B929C0463100B979B4 /* ShellScript */,
				119E8D992A93C5DD0070F365 /* ShellScript */,
			);
			buildRules = (
			);
			dependencies = (
			);
			name = Museum;
			packageProductDependencies = (
				11E5F4BB29C04D4B00B979B4 /* FirebaseCrashlytics */,
			);
			productName = Museum;
			productReference = 11E809CB29882255005ACA3C /* Museum.app */;
			productType = "com.apple.product-type.application";
		};
		1163020C29F1119E0031362C /* MuseumUITests */ = {
			isa = PBXNativeTarget;
			buildConfigurationList = 1163021729F1119E0031362C /* Build configuration list for PBXNativeTarget "MuseumUITests" */;
			buildPhases = (
				1163020929F1119E0031362C /* Sources */,
				1163020A29F1119E0031362C /* Frameworks */,
				1163020B29F1119E0031362C /* Resources */,
			);
			buildRules = (
			);
			dependencies = (
				1163021429F1119E0031362C /* PBXTargetDependency */,
			);
			name = MuseumUITests;
			productName = MuseumUITests;
			productReference = 11E2C9A429FE67A700BDED92 /* MuseumUITests.xctest */;
			productType = "com.apple.product-type.bundle.ui-testing";
		};
/* End PBXNativeTarget section */

/* Begin PBXProject section */
		1109F71F294DF419006AB3CE /* Project object */ = {
			isa = PBXProject;
			attributes = {
				BuildIndependentTargetsInParallel = 1;
				LastSwiftUpdateCheck = 1430;
				LastUpgradeCheck = 1410;
				TargetAttributes = {
					1109F726294DF419006AB3CE = {
						CreatedOnToolsVersion = 14.1;
					};
					1163020C29F1119E0031362C = {
						CreatedOnToolsVersion = 14.3;
						TestTargetID = 1109F726294DF419006AB3CE;
					};
				};
			};
			buildConfigurationList = 1109F722294DF419006AB3CE /* Build configuration list for PBXProject "Museum" */;
			compatibilityVersion = "Xcode 14.0";
			developmentRegion = en;
			hasScannedForEncodings = 0;
			knownRegions = (
				en,
				fr,
				ru,
				Base,
			);
			mainGroup = 1109F71E294DF419006AB3CE;
			packageReferences = (
				11E5F4BA29C04D4B00B979B4 /* XCRemoteSwiftPackageReference "firebase-ios-sdk" */,
			);
			productRefGroup = 1109F71E294DF419006AB3CE;
			projectDirPath = "";
			projectRoot = "";
			targets = (
				1109F726294DF419006AB3CE /* Museum */,
				1163020C29F1119E0031362C /* MuseumUITests */,
			);
		};
/* End PBXProject section */

/* Begin PBXResourcesBuildPhase section */
		1109F725294DF419006AB3CE /* Resources */ = {
			isa = PBXResourcesBuildPhase;
			buildActionMask = 2147483647;
			files = (
				1108CD6F296B0DEC00A77169 /* Montserrat-Regular.ttf in Resources */,
				11E2C9A629FE75C900BDED92 /* GoogleService-Info.plist in Resources */,
				1153587D29F122B800944101 /* InfoPlist.strings in Resources */,
				1109F734294DF41A006AB3CE /* Assets.xcassets in Resources */,
				119F427629C365420048761B /* EventStoryboard.storyboard in Resources */,
				112C57D329C36ED600A4354E /* Localizable.strings in Resources */,
				119F427129C364FF0048761B /* LaunchScreen.storyboard in Resources */,
				1109F732294DF419006AB3CE /* LogInStoryboard.storyboard in Resources */,
			);
			runOnlyForDeploymentPostprocessing = 0;
		};
		1163020B29F1119E0031362C /* Resources */ = {
			isa = PBXResourcesBuildPhase;
			buildActionMask = 2147483647;
			files = (
			);
			runOnlyForDeploymentPostprocessing = 0;
		};
/* End PBXResourcesBuildPhase section */

/* Begin PBXShellScriptBuildPhase section */
		119E8D992A93C5DD0070F365 /* ShellScript */ = {
			isa = PBXShellScriptBuildPhase;
			alwaysOutOfDate = 1;
			buildActionMask = 2147483647;
			files = (
			);
			inputFileListPaths = (
			);
			inputPaths = (
			);
			outputFileListPaths = (
			);
			outputPaths = (
			);
			runOnlyForDeploymentPostprocessing = 0;
			shellPath = /bin/sh;
			shellScript = "# SwiftLint\nif [[ \"$(uname -m)\" == arm64 ]]; then\n    export PATH=\"/opt/homebrew/bin:$PATH\"\nfi\n\nif which swiftlint > /dev/null; then\n  swiftlint\nelse\n  echo \"warning: SwiftLint not installed, download from https://github.com/realm/SwiftLint\"\nfi\n";
		};
		11E5F4B929C0463100B979B4 /* ShellScript */ = {
			isa = PBXShellScriptBuildPhase;
			alwaysOutOfDate = 1;
			buildActionMask = 8;
			files = (
			);
			inputFileListPaths = (
			);
			inputPaths = (
				"${DWARF_DSYM_FOLDER_PATH}/${DWARF_DSYM_FILE_NAME}/Contents/Resources/DWARF/${TARGET_NAME}",
			);
			outputFileListPaths = (
			);
			outputPaths = (
			);
			runOnlyForDeploymentPostprocessing = 1;
			shellPath = /bin/sh;
			shellScript = "# Firebase Crashlytics\nfind \"${BUILT_PRODUCTS_DIR}\" -name \"*.dSYM\" | xargs -S 1024 -I ARGS \"${BUILD_DIR%Build/*}/SourcePackages/checkouts/firebase-ios-sdk/Crashlytics/upload-symbols\" -gsp \"${SRCROOT}/Museum/AppMain/GoogleService-Info.plist\" -p ios ARGS\n";
		};
/* End PBXShellScriptBuildPhase section */

/* Begin PBXSourcesBuildPhase section */
		1109F723294DF419006AB3CE /* Sources */ = {
			isa = PBXSourcesBuildPhase;
			buildActionMask = 2147483647;
			files = (
				119E6E9A2A5BB39C00F9DDC1 /* ServiceLocator.swift in Sources */,
				1121DE462950382700129C08 /* MuseumLabel.swift in Sources */,
				11721EFD296040A900767FBC /* String+textStyle.swift in Sources */,
				11DB122B2A5D296300356AB1 /* EventRepositoryProtocol.swift in Sources */,
				115BECC5295F80D300D17EB4 /* UIButton+shadow.swift in Sources */,
				11B2000D2970188C0045960B /* EventViewController.swift in Sources */,
				116B4DBD29A89D3000E7E81A /* CATransition+types.swift in Sources */,
				1109F72F294DF419006AB3CE /* LogInViewController.swift in Sources */,
				11A50E682A59C2E10080064A /* ErrorHandler.swift in Sources */,
				1199D2EA294F034300FEC95B /* MuseumTextField.swift in Sources */,
				11171FE52997BCC30089C58A /* Router.swift in Sources */,
				11C8B1B12986C3D900E55018 /* LogInPresenter.swift in Sources */,
				11C6A2D429A68881009B8836 /* Event.swift in Sources */,
				1109F72B294DF419006AB3CE /* AppDelegate.swift in Sources */,
				11C8B1B62987023D00E55018 /* EventPresenter.swift in Sources */,
				1109F72D294DF419006AB3CE /* SceneDelegate.swift in Sources */,
				11C8B1B42986CC6B00E55018 /* ModuleBuilder.swift in Sources */,
				119E6E9E2A5C7D4D00F9DDC1 /* UserRepository.swift in Sources */,
				11B20007296F53D10045960B /* JsonService.swift in Sources */,
				11B20009296F55C20045960B /* User.swift in Sources */,
			);
			runOnlyForDeploymentPostprocessing = 0;
		};
		1163020929F1119E0031362C /* Sources */ = {
			isa = PBXSourcesBuildPhase;
			buildActionMask = 2147483647;
			files = (
				1163021029F1119E0031362C /* MuseumUITests.swift in Sources */,
			);
			runOnlyForDeploymentPostprocessing = 0;
		};
/* End PBXSourcesBuildPhase section */

/* Begin PBXTargetDependency section */
		1163021429F1119E0031362C /* PBXTargetDependency */ = {
			isa = PBXTargetDependency;
			target = 1109F726294DF419006AB3CE /* Museum */;
			targetProxy = 1163021329F1119E0031362C /* PBXContainerItemProxy */;
		};
/* End PBXTargetDependency section */

/* Begin PBXVariantGroup section */
		1109F730294DF419006AB3CE /* LogInStoryboard.storyboard */ = {
			isa = PBXVariantGroup;
			children = (
				119F427B29C365B00048761B /* Base */,
			);
			name = LogInStoryboard.storyboard;
			sourceTree = "<group>";
		};
		112C57D529C36ED600A4354E /* Localizable.strings */ = {
			isa = PBXVariantGroup;
			children = (
				112C57D429C36ED600A4354E /* fr */,
				112C57D629C36EDB00A4354E /* en */,
				112C57D729C36EDD00A4354E /* ru */,
			);
			name = Localizable.strings;
			sourceTree = "<group>";
		};
		1153587A29F1208800944101 /* InfoPlist.strings */ = {
			isa = PBXVariantGroup;
			children = (
				1153587929F1208800944101 /* en */,
				1153587B29F120AA00944101 /* fr */,
				1153587C29F120AC00944101 /* ru */,
			);
			name = InfoPlist.strings;
			sourceTree = "<group>";
		};
		119F427329C364FF0048761B /* LaunchScreen.storyboard */ = {
			isa = PBXVariantGroup;
			children = (
				119F427C29C365B00048761B /* Base */,
			);
			name = LaunchScreen.storyboard;
			sourceTree = "<group>";
		};
		119F427829C365420048761B /* EventStoryboard.storyboard */ = {
			isa = PBXVariantGroup;
			children = (
				119F427D29C365B00048761B /* Base */,
			);
			name = EventStoryboard.storyboard;
			sourceTree = "<group>";
		};
/* End PBXVariantGroup section */

/* Begin XCBuildConfiguration section */
		1109F739294DF41A006AB3CE /* Debug */ = {
			isa = XCBuildConfiguration;
			buildSettings = {
				ALWAYS_SEARCH_USER_PATHS = NO;
				CLANG_ANALYZER_LOCALIZABILITY_NONLOCALIZED = YES;
				CLANG_ANALYZER_NONNULL = YES;
				CLANG_ANALYZER_NUMBER_OBJECT_CONVERSION = YES_AGGRESSIVE;
				CLANG_CXX_LANGUAGE_STANDARD = "gnu++20";
				CLANG_ENABLE_MODULES = YES;
				CLANG_ENABLE_OBJC_ARC = YES;
				CLANG_ENABLE_OBJC_WEAK = YES;
				CLANG_WARN_BLOCK_CAPTURE_AUTORELEASING = YES;
				CLANG_WARN_BOOL_CONVERSION = YES;
				CLANG_WARN_COMMA = YES;
				CLANG_WARN_CONSTANT_CONVERSION = YES;
				CLANG_WARN_DEPRECATED_OBJC_IMPLEMENTATIONS = YES;
				CLANG_WARN_DIRECT_OBJC_ISA_USAGE = YES_ERROR;
				CLANG_WARN_DOCUMENTATION_COMMENTS = YES;
				CLANG_WARN_EMPTY_BODY = YES;
				CLANG_WARN_ENUM_CONVERSION = YES;
				CLANG_WARN_INFINITE_RECURSION = YES;
				CLANG_WARN_INT_CONVERSION = YES;
				CLANG_WARN_NON_LITERAL_NULL_CONVERSION = YES;
				CLANG_WARN_OBJC_IMPLICIT_RETAIN_SELF = YES;
				CLANG_WARN_OBJC_LITERAL_CONVERSION = YES;
				CLANG_WARN_OBJC_ROOT_CLASS = YES_ERROR;
				CLANG_WARN_QUOTED_INCLUDE_IN_FRAMEWORK_HEADER = YES;
				CLANG_WARN_RANGE_LOOP_ANALYSIS = YES;
				CLANG_WARN_STRICT_PROTOTYPES = YES;
				CLANG_WARN_SUSPICIOUS_MOVE = YES;
				CLANG_WARN_UNGUARDED_AVAILABILITY = YES_AGGRESSIVE;
				CLANG_WARN_UNREACHABLE_CODE = YES;
				CLANG_WARN__DUPLICATE_METHOD_MATCH = YES;
				COPY_PHASE_STRIP = NO;
				DEBUG_INFORMATION_FORMAT = dwarf;
				ENABLE_STRICT_OBJC_MSGSEND = YES;
				ENABLE_TESTABILITY = YES;
				GCC_C_LANGUAGE_STANDARD = gnu11;
				GCC_DYNAMIC_NO_PIC = NO;
				GCC_NO_COMMON_BLOCKS = YES;
				GCC_OPTIMIZATION_LEVEL = 0;
				GCC_PREPROCESSOR_DEFINITIONS = (
					"DEBUG=1",
					"$(inherited)",
				);
				GCC_WARN_64_TO_32_BIT_CONVERSION = YES;
				GCC_WARN_ABOUT_RETURN_TYPE = YES_ERROR;
				GCC_WARN_UNDECLARED_SELECTOR = YES;
				GCC_WARN_UNINITIALIZED_AUTOS = YES_AGGRESSIVE;
				GCC_WARN_UNUSED_FUNCTION = YES;
				GCC_WARN_UNUSED_VARIABLE = YES;
				INFOPLIST_KEY_UIStatusBarStyle = UIStatusBarStyleDefault;
				IPHONEOS_DEPLOYMENT_TARGET = 16.1;
				MTL_ENABLE_DEBUG_INFO = INCLUDE_SOURCE;
				MTL_FAST_MATH = YES;
				ONLY_ACTIVE_ARCH = YES;
				SDKROOT = iphoneos;
				SWIFT_ACTIVE_COMPILATION_CONDITIONS = DEBUG;
				SWIFT_OPTIMIZATION_LEVEL = "-Onone";
			};
			name = Debug;
		};
		1109F73A294DF41A006AB3CE /* Release */ = {
			isa = XCBuildConfiguration;
			buildSettings = {
				ALWAYS_SEARCH_USER_PATHS = NO;
				CLANG_ANALYZER_LOCALIZABILITY_NONLOCALIZED = YES;
				CLANG_ANALYZER_NONNULL = YES;
				CLANG_ANALYZER_NUMBER_OBJECT_CONVERSION = YES_AGGRESSIVE;
				CLANG_CXX_LANGUAGE_STANDARD = "gnu++20";
				CLANG_ENABLE_MODULES = YES;
				CLANG_ENABLE_OBJC_ARC = YES;
				CLANG_ENABLE_OBJC_WEAK = YES;
				CLANG_WARN_BLOCK_CAPTURE_AUTORELEASING = YES;
				CLANG_WARN_BOOL_CONVERSION = YES;
				CLANG_WARN_COMMA = YES;
				CLANG_WARN_CONSTANT_CONVERSION = YES;
				CLANG_WARN_DEPRECATED_OBJC_IMPLEMENTATIONS = YES;
				CLANG_WARN_DIRECT_OBJC_ISA_USAGE = YES_ERROR;
				CLANG_WARN_DOCUMENTATION_COMMENTS = YES;
				CLANG_WARN_EMPTY_BODY = YES;
				CLANG_WARN_ENUM_CONVERSION = YES;
				CLANG_WARN_INFINITE_RECURSION = YES;
				CLANG_WARN_INT_CONVERSION = YES;
				CLANG_WARN_NON_LITERAL_NULL_CONVERSION = YES;
				CLANG_WARN_OBJC_IMPLICIT_RETAIN_SELF = YES;
				CLANG_WARN_OBJC_LITERAL_CONVERSION = YES;
				CLANG_WARN_OBJC_ROOT_CLASS = YES_ERROR;
				CLANG_WARN_QUOTED_INCLUDE_IN_FRAMEWORK_HEADER = YES;
				CLANG_WARN_RANGE_LOOP_ANALYSIS = YES;
				CLANG_WARN_STRICT_PROTOTYPES = YES;
				CLANG_WARN_SUSPICIOUS_MOVE = YES;
				CLANG_WARN_UNGUARDED_AVAILABILITY = YES_AGGRESSIVE;
				CLANG_WARN_UNREACHABLE_CODE = YES;
				CLANG_WARN__DUPLICATE_METHOD_MATCH = YES;
				COPY_PHASE_STRIP = NO;
				DEBUG_INFORMATION_FORMAT = "dwarf-with-dsym";
				ENABLE_NS_ASSERTIONS = NO;
				ENABLE_STRICT_OBJC_MSGSEND = YES;
				GCC_C_LANGUAGE_STANDARD = gnu11;
				GCC_NO_COMMON_BLOCKS = YES;
				GCC_WARN_64_TO_32_BIT_CONVERSION = YES;
				GCC_WARN_ABOUT_RETURN_TYPE = YES_ERROR;
				GCC_WARN_UNDECLARED_SELECTOR = YES;
				GCC_WARN_UNINITIALIZED_AUTOS = YES_AGGRESSIVE;
				GCC_WARN_UNUSED_FUNCTION = YES;
				GCC_WARN_UNUSED_VARIABLE = YES;
				INFOPLIST_KEY_UIStatusBarStyle = UIStatusBarStyleDefault;
				IPHONEOS_DEPLOYMENT_TARGET = 16.1;
				MTL_ENABLE_DEBUG_INFO = NO;
				MTL_FAST_MATH = YES;
				SDKROOT = iphoneos;
				SWIFT_COMPILATION_MODE = wholemodule;
				SWIFT_OPTIMIZATION_LEVEL = "-O";
				VALIDATE_PRODUCT = YES;
			};
			name = Release;
		};
		1109F73C294DF41A006AB3CE /* Debug */ = {
			isa = XCBuildConfiguration;
			buildSettings = {
				ASSETCATALOG_COMPILER_APPICON_NAME = AppIcon;
				ASSETCATALOG_COMPILER_GLOBAL_ACCENT_COLOR_NAME = AccentColor;
				ASSETCATALOG_COMPILER_INCLUDE_ALL_APPICON_ASSETS = YES;
				CODE_SIGN_IDENTITY = "Apple Development";
				CODE_SIGN_STYLE = Automatic;
				CURRENT_PROJECT_VERSION = 73;
				DEVELOPMENT_TEAM = 3NTG39P2L6;
				GENERATE_INFOPLIST_FILE = YES;
				INFOPLIST_FILE = Museum/AppMain/Info.plist;
				INFOPLIST_KEY_CFBundleDisplayName = "Museum Walk";
				INFOPLIST_KEY_LSApplicationCategoryType = "public.app-category.travel";
				INFOPLIST_KEY_NSCalendarsUsageDescription = "The calendar is used to plan visits to the museum";
				INFOPLIST_KEY_UIApplicationSupportsIndirectInputEvents = YES;
				INFOPLIST_KEY_UILaunchStoryboardName = LaunchScreen.storyboard;
				INFOPLIST_KEY_UIMainStoryboardFile = LogInStoryboard;
				INFOPLIST_KEY_UIStatusBarStyle = UIStatusBarStyleLightContent;
				INFOPLIST_KEY_UISupportedInterfaceOrientations_iPad = "UIInterfaceOrientationPortrait UIInterfaceOrientationPortraitUpsideDown UIInterfaceOrientationLandscapeLeft UIInterfaceOrientationLandscapeRight";
				INFOPLIST_KEY_UISupportedInterfaceOrientations_iPhone = "UIInterfaceOrientationPortrait UIInterfaceOrientationLandscapeLeft UIInterfaceOrientationLandscapeRight";
				INFOPLIST_KEY_UIUserInterfaceStyle = Light;
				LD_RUNPATH_SEARCH_PATHS = (
					"$(inherited)",
					"@executable_path/Frameworks",
				);
				MARKETING_VERSION = 1.0.2;
				PRODUCT_BUNDLE_IDENTIFIER = com.vnazimko.museum.walk;
				PRODUCT_NAME = "$(TARGET_NAME)";
				PROVISIONING_PROFILE_SPECIFIER = "";
				SUPPORTED_PLATFORMS = "iphoneos iphonesimulator";
				SUPPORTS_MACCATALYST = NO;
				SUPPORTS_MAC_DESIGNED_FOR_IPHONE_IPAD = NO;
				SWIFT_EMIT_LOC_STRINGS = YES;
				SWIFT_VERSION = 5.0;
				TARGETED_DEVICE_FAMILY = 1;
			};
			name = Debug;
		};
		1109F73D294DF41A006AB3CE /* Release */ = {
			isa = XCBuildConfiguration;
			buildSettings = {
				ASSETCATALOG_COMPILER_APPICON_NAME = AppIcon;
				ASSETCATALOG_COMPILER_GLOBAL_ACCENT_COLOR_NAME = AccentColor;
				ASSETCATALOG_COMPILER_INCLUDE_ALL_APPICON_ASSETS = YES;
				CODE_SIGN_IDENTITY = "Apple Development";
				CODE_SIGN_STYLE = Automatic;
				CURRENT_PROJECT_VERSION = 73;
				DEVELOPMENT_TEAM = 3NTG39P2L6;
				GENERATE_INFOPLIST_FILE = YES;
				INFOPLIST_FILE = Museum/AppMain/Info.plist;
				INFOPLIST_KEY_CFBundleDisplayName = "Museum Walk";
				INFOPLIST_KEY_LSApplicationCategoryType = "public.app-category.travel";
				INFOPLIST_KEY_NSCalendarsUsageDescription = "The calendar is used to plan visits to the museum";
				INFOPLIST_KEY_UIApplicationSupportsIndirectInputEvents = YES;
				INFOPLIST_KEY_UILaunchStoryboardName = LaunchScreen.storyboard;
				INFOPLIST_KEY_UIMainStoryboardFile = LogInStoryboard;
				INFOPLIST_KEY_UIStatusBarStyle = UIStatusBarStyleLightContent;
				INFOPLIST_KEY_UISupportedInterfaceOrientations_iPad = "UIInterfaceOrientationPortrait UIInterfaceOrientationPortraitUpsideDown UIInterfaceOrientationLandscapeLeft UIInterfaceOrientationLandscapeRight";
				INFOPLIST_KEY_UISupportedInterfaceOrientations_iPhone = "UIInterfaceOrientationPortrait UIInterfaceOrientationLandscapeLeft UIInterfaceOrientationLandscapeRight";
				INFOPLIST_KEY_UIUserInterfaceStyle = Light;
				LD_RUNPATH_SEARCH_PATHS = (
					"$(inherited)",
					"@executable_path/Frameworks",
				);
				MARKETING_VERSION = 1.0.2;
				PRODUCT_BUNDLE_IDENTIFIER = com.vnazimko.museum.walk;
				PRODUCT_NAME = "$(TARGET_NAME)";
				PROVISIONING_PROFILE_SPECIFIER = "";
				SUPPORTED_PLATFORMS = "iphoneos iphonesimulator";
				SUPPORTS_MACCATALYST = NO;
				SUPPORTS_MAC_DESIGNED_FOR_IPHONE_IPAD = NO;
				SWIFT_EMIT_LOC_STRINGS = YES;
				SWIFT_VERSION = 5.0;
				TARGETED_DEVICE_FAMILY = 1;
			};
			name = Release;
		};
		1163021529F1119E0031362C /* Debug */ = {
			isa = XCBuildConfiguration;
			buildSettings = {
				CODE_SIGN_STYLE = Automatic;
				CURRENT_PROJECT_VERSION = 1;
				DEVELOPMENT_TEAM = 3NTG39P2L6;
				GENERATE_INFOPLIST_FILE = YES;
				IPHONEOS_DEPLOYMENT_TARGET = 16.4;
				MARKETING_VERSION = 1.0;
				PRODUCT_BUNDLE_IDENTIFIER = com.vnazimko.MuseumUITests;
				PRODUCT_NAME = "$(TARGET_NAME)";
				SWIFT_EMIT_LOC_STRINGS = NO;
				SWIFT_VERSION = 5.0;
				TARGETED_DEVICE_FAMILY = "1,2";
				TEST_TARGET_NAME = Museum;
			};
			name = Debug;
		};
		1163021629F1119E0031362C /* Release */ = {
			isa = XCBuildConfiguration;
			buildSettings = {
				CODE_SIGN_STYLE = Automatic;
				CURRENT_PROJECT_VERSION = 1;
				DEVELOPMENT_TEAM = 3NTG39P2L6;
				GENERATE_INFOPLIST_FILE = YES;
				IPHONEOS_DEPLOYMENT_TARGET = 16.4;
				MARKETING_VERSION = 1.0;
				PRODUCT_BUNDLE_IDENTIFIER = com.vnazimko.MuseumUITests;
				PRODUCT_NAME = "$(TARGET_NAME)";
				SWIFT_EMIT_LOC_STRINGS = NO;
				SWIFT_VERSION = 5.0;
				TARGETED_DEVICE_FAMILY = "1,2";
				TEST_TARGET_NAME = Museum;
			};
			name = Release;
		};
/* End XCBuildConfiguration section */

/* Begin XCConfigurationList section */
		1109F722294DF419006AB3CE /* Build configuration list for PBXProject "Museum" */ = {
			isa = XCConfigurationList;
			buildConfigurations = (
				1109F739294DF41A006AB3CE /* Debug */,
				1109F73A294DF41A006AB3CE /* Release */,
			);
			defaultConfigurationIsVisible = 0;
			defaultConfigurationName = Release;
		};
		1109F73B294DF41A006AB3CE /* Build configuration list for PBXNativeTarget "Museum" */ = {
			isa = XCConfigurationList;
			buildConfigurations = (
				1109F73C294DF41A006AB3CE /* Debug */,
				1109F73D294DF41A006AB3CE /* Release */,
			);
			defaultConfigurationIsVisible = 0;
			defaultConfigurationName = Release;
		};
		1163021729F1119E0031362C /* Build configuration list for PBXNativeTarget "MuseumUITests" */ = {
			isa = XCConfigurationList;
			buildConfigurations = (
				1163021529F1119E0031362C /* Debug */,
				1163021629F1119E0031362C /* Release */,
			);
			defaultConfigurationIsVisible = 0;
			defaultConfigurationName = Release;
		};
/* End XCConfigurationList section */

/* Begin XCRemoteSwiftPackageReference section */
		11E5F4BA29C04D4B00B979B4 /* XCRemoteSwiftPackageReference "firebase-ios-sdk" */ = {
			isa = XCRemoteSwiftPackageReference;
			repositoryURL = "https://github.com/firebase/firebase-ios-sdk";
			requirement = {
				kind = upToNextMajorVersion;
				minimumVersion = 10.6.0;
			};
		};
/* End XCRemoteSwiftPackageReference section */

/* Begin XCSwiftPackageProductDependency section */
		11E5F4BB29C04D4B00B979B4 /* FirebaseCrashlytics */ = {
			isa = XCSwiftPackageProductDependency;
			package = 11E5F4BA29C04D4B00B979B4 /* XCRemoteSwiftPackageReference "firebase-ios-sdk" */;
			productName = FirebaseCrashlytics;
		};
/* End XCSwiftPackageProductDependency section */
	};
	rootObject = 1109F71F294DF419006AB3CE /* Project object */;
}
